
Microsoft Visual Studio Solution File, Format Version 12.00
# Visual Studio Version 17
VisualStudioVersion = 17.13.35919.96 d17.13
MinimumVisualStudioVersion = 10.0.40219.1
Project("{FAE04EC0-301F-11D3-BF4B-00C04F79EFBC}") = "Nugget", "Nugget.csproj", "{2014EB70-5B10-45B7-B3B2-EF76B33EE61E}"
EndProject
Global
	GlobalSection(SolutionConfigurationPlatforms) = preSolution
		Debug|Any CPU = Debug|Any CPU
		Release|Any CPU = Release|Any CPU
	EndGlobalSection
	GlobalSection(ProjectConfigurationPlatforms) = postSolution
		{2014EB70-5B10-45B7-B3B2-EF76B33EE61E}.Debug|Any CPU.ActiveCfg = Debug|Any CPU
		{2014EB70-5B10-45B7-B3B2-EF76B33EE61E}.Debug|Any CPU.Build.0 = Debug|Any CPU
		{2014EB70-5B10-45B7-B3B2-EF76B33EE61E}.Release|Any CPU.ActiveCfg = Release|Any CPU
		{2014EB70-5B10-45B7-B3B2-EF76B33EE61E}.Release|Any CPU.Build.0 = Release|Any CPU
	EndGlobalSection
	GlobalSection(SolutionProperties) = preSolution
		HideSolutionNode = FALSE
	EndGlobalSection
	GlobalSection(ExtensibilityGlobals) = postSolution
		SolutionGuid = {957CA348-35B0-4CDC-85C4-52B1587435B7}
	EndGlobalSection
EndGlobal
